{
  "name": "nodejsdemo",
  "version": "1.0.0",
  "lockfileVersion": 1,
  "requires": true,
  "dependencies": {
    "fs-readfile-promise": {
      "version": "3.0.1",
      "resolved": "http://registry.npm.taobao.org/fs-readfile-promise/download/fs-readfile-promise-3.0.1.tgz",
      "integrity": "sha1-0NMHt/au38kgwx+m5XEu+qKXyVg=",
      "requires": {
        "graceful-fs": "^4.1.11"
      }
    },
    "graceful-fs": {
      "version": "4.1.11",
      "resolved": "http://registry.npm.taobao.org/graceful-fs/download/graceful-fs-4.1.11.tgz",
      "integrity": "sha1-Dovf5NHduIVNZOBOp8AOKgJuVlg="
    }
  }
}
